
Microsoft Visual Studio Solution File, Format Version 12.00
# Visual Studio Version 17
VisualStudioVersion = 17.3.32922.545
MinimumVisualStudioVersion = 10.0.40219.1
Project("{FAE04EC0-301F-11D3-BF4B-00C04F79EFBC}") = "Threading", "Threading\Threading.csproj", "{243ADE1C-780F-4AFA-B317-E6B7C4AA6A49}"
EndProject
Global
	GlobalSection(SolutionConfigurationPlatforms) = preSolution
		Debug|Any CPU = Debug|Any CPU
		Release|Any CPU = Release|Any CPU
	EndGlobalSection
	GlobalSection(ProjectConfigurationPlatforms) = postSolution
		{243ADE1C-780F-4AFA-B317-E6B7C4AA6A49}.Debug|Any CPU.ActiveCfg = Debug|Any CPU
		{243ADE1C-780F-4AFA-B317-E6B7C4AA6A49}.Debug|Any CPU.Build.0 = Debug|Any CPU
		{243ADE1C-780F-4AFA-B317-E6B7C4AA6A49}.Release|Any CPU.ActiveCfg = Release|Any CPU
		{243ADE1C-780F-4AFA-B317-E6B7C4AA6A49}.Release|Any CPU.Build.0 = Release|Any CPU
	EndGlobalSection
	GlobalSection(SolutionProperties) = preSolution
		HideSolutionNode = FALSE
	EndGlobalSection
	GlobalSection(ExtensibilityGlobals) = postSolution
		SolutionGuid = {DAF0BAF6-8C5F-444F-A19C-337FCE26D196}
	EndGlobalSection
EndGlobal
